// !$*UTF8*$!
{
	archiveVersion = 1;
	classes = {
	};
	objectVersion = 56;
	objects = {

/* Begin PBXBuildFile section */
		C627273829CEF64200E5E6B9 /* TaskEditController.swift in Sources */ = {isa = PBXBuildFile; fileRef = C627273729CEF64200E5E6B9 /* TaskEditController.swift */; };
		C627273A29CF03F900E5E6B9 /* TaskTypeController.swift in Sources */ = {isa = PBXBuildFile; fileRef = C627273929CF03F900E5E6B9 /* TaskTypeController.swift */; };
		C627274129CF0A1C00E5E6B9 /* TaskTypeCell.swift in Sources */ = {isa = PBXBuildFile; fileRef = C627273F29CF0A1C00E5E6B9 /* TaskTypeCell.swift */; };
		C627274229CF0A1C00E5E6B9 /* TaskTypeCell.xib in Resources */ = {isa = PBXBuildFile; fileRef = C627274029CF0A1C00E5E6B9 /* TaskTypeCell.xib */; };
		C638525E29E08517006FAD01 /* TaskString.swift in Sources */ = {isa = PBXBuildFile; fileRef = C638525D29E08517006FAD01 /* TaskString.swift */; };
		C638525F29E085FB006FAD01 /* Localizable.strings in Resources */ = {isa = PBXBuildFile; fileRef = C638526129E085FB006FAD01 /* Localizable.strings */; };
		C699BB7D29BF8F1500F70A57 /* AppDelegate.swift in Sources */ = {isa = PBXBuildFile; fileRef = C699BB7C29BF8F1500F70A57 /* AppDelegate.swift */; };
		C699BB7F29BF8F1500F70A57 /* SceneDelegate.swift in Sources */ = {isa = PBXBuildFile; fileRef = C699BB7E29BF8F1500F70A57 /* SceneDelegate.swift */; };
		C699BB8429BF8F1500F70A57 /* Main.storyboard in Resources */ = {isa = PBXBuildFile; fileRef = C699BB8229BF8F1500F70A57 /* Main.storyboard */; };
		C699BB8629BF8F1700F70A57 /* Assets.xcassets in Resources */ = {isa = PBXBuildFile; fileRef = C699BB8529BF8F1700F70A57 /* Assets.xcassets */; };
		C699BB8929BF8F1700F70A57 /* LaunchScreen.storyboard in Resources */ = {isa = PBXBuildFile; fileRef = C699BB8729BF8F1700F70A57 /* LaunchScreen.storyboard */; };
		C699BB9129BF90C200F70A57 /* TaskListController.swift in Sources */ = {isa = PBXBuildFile; fileRef = C699BB9029BF90C200F70A57 /* TaskListController.swift */; };
		C699BB9429BF91E900F70A57 /* Task.swift in Sources */ = {isa = PBXBuildFile; fileRef = C699BB9329BF91E900F70A57 /* Task.swift */; };
		C699BB9629BF92F400F70A57 /* TasksStorage.swift in Sources */ = {isa = PBXBuildFile; fileRef = C699BB9529BF92F400F70A57 /* TasksStorage.swift */; };
		C6C77E7129C0E71C0075CC38 /* TaskCell.swift in Sources */ = {isa = PBXBuildFile; fileRef = C6C77E7029C0E71C0075CC38 /* TaskCell.swift */; };
/* End PBXBuildFile section */

/* Begin PBXFileReference section */
		C627273729CEF64200E5E6B9 /* TaskEditController.swift */ = {isa = PBXFileReference; lastKnownFileType = sourcecode.swift; path = TaskEditController.swift; sourceTree = "<group>"; };
		C627273929CF03F900E5E6B9 /* TaskTypeController.swift */ = {isa = PBXFileReference; lastKnownFileType = sourcecode.swift; path = TaskTypeController.swift; sourceTree = "<group>"; };
		C627273F29CF0A1C00E5E6B9 /* TaskTypeCell.swift */ = {isa = PBXFileReference; lastKnownFileType = sourcecode.swift; path = TaskTypeCell.swift; sourceTree = "<group>"; };
		C627274029CF0A1C00E5E6B9 /* TaskTypeCell.xib */ = {isa = PBXFileReference; lastKnownFileType = file.xib; path = TaskTypeCell.xib; sourceTree = "<group>"; };
		C638525D29E08517006FAD01 /* TaskString.swift */ = {isa = PBXFileReference; lastKnownFileType = sourcecode.swift; path = TaskString.swift; sourceTree = "<group>"; };
		C638526029E085FB006FAD01 /* en */ = {isa = PBXFileReference; lastKnownFileType = text.plist.strings; name = en; path = en.lproj/Localizable.strings; sourceTree = "<group>"; };
		C638526229E0863F006FAD01 /* uk */ = {isa = PBXFileReference; lastKnownFileType = text.plist.strings; name = uk; path = uk.lproj/Localizable.strings; sourceTree = "<group>"; };
		C6539A7729E4578B0027B0C6 /* ru */ = {isa = PBXFileReference; lastKnownFileType = text.plist.strings; name = ru; path = ru.lproj/Localizable.strings; sourceTree = "<group>"; };
		C699BB7929BF8F1500F70A57 /* To-Do Manager.app */ = {isa = PBXFileReference; explicitFileType = wrapper.application; includeInIndex = 0; path = "To-Do Manager.app"; sourceTree = BUILT_PRODUCTS_DIR; };
		C699BB7C29BF8F1500F70A57 /* AppDelegate.swift */ = {isa = PBXFileReference; lastKnownFileType = sourcecode.swift; path = AppDelegate.swift; sourceTree = "<group>"; };
		C699BB7E29BF8F1500F70A57 /* SceneDelegate.swift */ = {isa = PBXFileReference; lastKnownFileType = sourcecode.swift; path = SceneDelegate.swift; sourceTree = "<group>"; };
		C699BB8329BF8F1500F70A57 /* Base */ = {isa = PBXFileReference; lastKnownFileType = file.storyboard; name = Base; path = Base.lproj/Main.storyboard; sourceTree = "<group>"; };
		C699BB8529BF8F1700F70A57 /* Assets.xcassets */ = {isa = PBXFileReference; lastKnownFileType = folder.assetcatalog; path = Assets.xcassets; sourceTree = "<group>"; };
		C699BB8829BF8F1700F70A57 /* Base */ = {isa = PBXFileReference; lastKnownFileType = file.storyboard; name = Base; path = Base.lproj/LaunchScreen.storyboard; sourceTree = "<group>"; };
		C699BB8A29BF8F1700F70A57 /* Info.plist */ = {isa = PBXFileReference; lastKnownFileType = text.plist.xml; path = Info.plist; sourceTree = "<group>"; };
		C699BB9029BF90C200F70A57 /* TaskListController.swift */ = {isa = PBXFileReference; lastKnownFileType = sourcecode.swift; path = TaskListController.swift; sourceTree = "<group>"; };
		C699BB9329BF91E900F70A57 /* Task.swift */ = {isa = PBXFileReference; lastKnownFileType = sourcecode.swift; path = Task.swift; sourceTree = "<group>"; };
		C699BB9529BF92F400F70A57 /* TasksStorage.swift */ = {isa = PBXFileReference; lastKnownFileType = sourcecode.swift; path = TasksStorage.swift; sourceTree = "<group>"; };
		C6C77E7029C0E71C0075CC38 /* TaskCell.swift */ = {isa = PBXFileReference; lastKnownFileType = sourcecode.swift; path = TaskCell.swift; sourceTree = "<group>"; };
/* End PBXFileReference section */

/* Begin PBXFrameworksBuildPhase section */
		C699BB7629BF8F1500F70A57 /* Frameworks */ = {
			isa = PBXFrameworksBuildPhase;
			buildActionMask = 2147483647;
			files = (
			);
			runOnlyForDeploymentPostprocessing = 0;
		};
/* End PBXFrameworksBuildPhase section */

/* Begin PBXGroup section */
		C638525C29E084C3006FAD01 /* Localizables */ = {
			isa = PBXGroup;
			children = (
				C638526129E085FB006FAD01 /* Localizable.strings */,
				C638525D29E08517006FAD01 /* TaskString.swift */,
			);
			path = Localizables;
			sourceTree = "<group>";
		};
		C699BB7029BF8F1500F70A57 = {
			isa = PBXGroup;
			children = (
				C699BB7B29BF8F1500F70A57 /* To-Do Manager */,
				C699BB7A29BF8F1500F70A57 /* Products */,
			);
			sourceTree = "<group>";
		};
		C699BB7A29BF8F1500F70A57 /* Products */ = {
			isa = PBXGroup;
			children = (
				C699BB7929BF8F1500F70A57 /* To-Do Manager.app */,
			);
			name = Products;
			sourceTree = "<group>";
		};
		C699BB7B29BF8F1500F70A57 /* To-Do Manager */ = {
			isa = PBXGroup;
			children = (
				C638525C29E084C3006FAD01 /* Localizables */,
				C6ED01A629D72ECE00D61EA6 /* Controllers */,
				C6C77E6C29C0E6770075CC38 /* View */,
				C699BB9229BF91D500F70A57 /* Model */,
				C699BB7C29BF8F1500F70A57 /* AppDelegate.swift */,
				C699BB7E29BF8F1500F70A57 /* SceneDelegate.swift */,
				C699BB8229BF8F1500F70A57 /* Main.storyboard */,
				C699BB8529BF8F1700F70A57 /* Assets.xcassets */,
				C699BB8729BF8F1700F70A57 /* LaunchScreen.storyboard */,
				C699BB8A29BF8F1700F70A57 /* Info.plist */,
			);
			path = "To-Do Manager";
			sourceTree = "<group>";
		};
		C699BB9229BF91D500F70A57 /* Model */ = {
			isa = PBXGroup;
			children = (
				C699BB9329BF91E900F70A57 /* Task.swift */,
				C699BB9529BF92F400F70A57 /* TasksStorage.swift */,
			);
			path = Model;
			sourceTree = "<group>";
		};
		C6C77E6C29C0E6770075CC38 /* View */ = {
			isa = PBXGroup;
			children = (
				C6C77E6D29C0E6850075CC38 /* Cells */,
			);
			path = View;
			sourceTree = "<group>";
		};
		C6C77E6D29C0E6850075CC38 /* Cells */ = {
			isa = PBXGroup;
			children = (
				C6C77E7029C0E71C0075CC38 /* TaskCell.swift */,
				C627273F29CF0A1C00E5E6B9 /* TaskTypeCell.swift */,
				C627274029CF0A1C00E5E6B9 /* TaskTypeCell.xib */,
			);
			path = Cells;
			sourceTree = "<group>";
		};
		C6ED01A629D72ECE00D61EA6 /* Controllers */ = {
			isa = PBXGroup;
			children = (
				C699BB9029BF90C200F70A57 /* TaskListController.swift */,
				C627273729CEF64200E5E6B9 /* TaskEditController.swift */,
				C627273929CF03F900E5E6B9 /* TaskTypeController.swift */,
			);
			path = Controllers;
			sourceTree = "<group>";
		};
/* End PBXGroup section */

/* Begin PBXNativeTarget section */
		C699BB7829BF8F1500F70A57 /* To-Do Manager */ = {
			isa = PBXNativeTarget;
			buildConfigurationList = C699BB8D29BF8F1700F70A57 /* Build configuration list for PBXNativeTarget "To-Do Manager" */;
			buildPhases = (
				C699BB7529BF8F1500F70A57 /* Sources */,
				C699BB7629BF8F1500F70A57 /* Frameworks */,
				C699BB7729BF8F1500F70A57 /* Resources */,
			);
			buildRules = (
			);
			dependencies = (
			);
			name = "To-Do Manager";
			productName = "To-Do Manager";
			productReference = C699BB7929BF8F1500F70A57 /* To-Do Manager.app */;
			productType = "com.apple.product-type.application";
		};
/* End PBXNativeTarget section */

/* Begin PBXProject section */
		C699BB7129BF8F1500F70A57 /* Project object */ = {
			isa = PBXProject;
			attributes = {
				BuildIndependentTargetsInParallel = 1;
				LastSwiftUpdateCheck = 1420;
				LastUpgradeCheck = 1420;
				TargetAttributes = {
					C699BB7829BF8F1500F70A57 = {
						CreatedOnToolsVersion = 14.2;
					};
				};
			};
			buildConfigurationList = C699BB7429BF8F1500F70A57 /* Build configuration list for PBXProject "To-Do Manager" */;
			compatibilityVersion = "Xcode 14.0";
			developmentRegion = en;
			hasScannedForEncodings = 0;
			knownRegions = (
				en,
				Base,
				uk,
				ru,
			);
			mainGroup = C699BB7029BF8F1500F70A57;
			productRefGroup = C699BB7A29BF8F1500F70A57 /* Products */;
			projectDirPath = "";
			projectRoot = "";
			targets = (
				C699BB7829BF8F1500F70A57 /* To-Do Manager */,
			);
		};
/* End PBXProject section */

/* Begin PBXResourcesBuildPhase section */
		C699BB7729BF8F1500F70A57 /* Resources */ = {
			isa = PBXResourcesBuildPhase;
			buildActionMask = 2147483647;
			files = (
				C638525F29E085FB006FAD01 /* Localizable.strings in Resources */,
				C699BB8929BF8F1700F70A57 /* LaunchScreen.storyboard in Resources */,
				C699BB8629BF8F1700F70A57 /* Assets.xcassets in Resources */,
				C627274229CF0A1C00E5E6B9 /* TaskTypeCell.xib in Resources */,
				C699BB8429BF8F1500F70A57 /* Main.storyboard in Resources */,
			);
			runOnlyForDeploymentPostprocessing = 0;
		};
/* End PBXResourcesBuildPhase section */

/* Begin PBXSourcesBuildPhase section */
		C699BB7529BF8F1500F70A57 /* Sources */ = {
			isa = PBXSourcesBuildPhase;
			buildActionMask = 2147483647;
			files = (
				C699BB9429BF91E900F70A57 /* Task.swift in Sources */,
				C638525E29E08517006FAD01 /* TaskString.swift in Sources */,
				C699BB7D29BF8F1500F70A57 /* AppDelegate.swift in Sources */,
				C699BB9629BF92F400F70A57 /* TasksStorage.swift in Sources */,
				C699BB7F29BF8F1500F70A57 /* SceneDelegate.swift in Sources */,
				C627273A29CF03F900E5E6B9 /* TaskTypeController.swift in Sources */,
				C6C77E7129C0E71C0075CC38 /* TaskCell.swift in Sources */,
				C699BB9129BF90C200F70A57 /* TaskListController.swift in Sources */,
				C627273829CEF64200E5E6B9 /* TaskEditController.swift in Sources */,
				C627274129CF0A1C00E5E6B9 /* TaskTypeCell.swift in Sources */,
			);
			runOnlyForDeploymentPostprocessing = 0;
		};
/* End PBXSourcesBuildPhase section */

/* Begin PBXVariantGroup section */
		C638526129E085FB006FAD01 /* Localizable.strings */ = {
			isa = PBXVariantGroup;
			children = (
				C638526029E085FB006FAD01 /* en */,
				C638526229E0863F006FAD01 /* uk */,
				C6539A7729E4578B0027B0C6 /* ru */,
			);
			name = Localizable.strings;
			sourceTree = "<group>";
		};
		C699BB8229BF8F1500F70A57 /* Main.storyboard */ = {
			isa = PBXVariantGroup;
			children = (
				C699BB8329BF8F1500F70A57 /* Base */,
			);
			name = Main.storyboard;
			sourceTree = "<group>";
		};
		C699BB8729BF8F1700F70A57 /* LaunchScreen.storyboard */ = {
			isa = PBXVariantGroup;
			children = (
				C699BB8829BF8F1700F70A57 /* Base */,
			);
			name = LaunchScreen.storyboard;
			sourceTree = "<group>";
		};
/* End PBXVariantGroup section */

/* Begin XCBuildConfiguration section */
		C699BB8B29BF8F1700F70A57 /* Debug */ = {
			isa = XCBuildConfiguration;
			buildSettings = {
				ALWAYS_SEARCH_USER_PATHS = NO;
				CLANG_ANALYZER_LOCALIZABILITY_NONLOCALIZED = YES;
				CLANG_ANALYZER_NONNULL = YES;
				CLANG_ANALYZER_NUMBER_OBJECT_CONVERSION = YES_AGGRESSIVE;
				CLANG_CXX_LANGUAGE_STANDARD = "gnu++20";
				CLANG_ENABLE_MODULES = YES;
				CLANG_ENABLE_OBJC_ARC = YES;
				CLANG_ENABLE_OBJC_WEAK = YES;
				CLANG_WARN_BLOCK_CAPTURE_AUTORELEASING = YES;
				CLANG_WARN_BOOL_CONVERSION = YES;
				CLANG_WARN_COMMA = YES;
				CLANG_WARN_CONSTANT_CONVERSION = YES;
				CLANG_WARN_DEPRECATED_OBJC_IMPLEMENTATIONS = YES;
				CLANG_WARN_DIRECT_OBJC_ISA_USAGE = YES_ERROR;
				CLANG_WARN_DOCUMENTATION_COMMENTS = YES;
				CLANG_WARN_EMPTY_BODY = YES;
				CLANG_WARN_ENUM_CONVERSION = YES;
				CLANG_WARN_INFINITE_RECURSION = YES;
				CLANG_WARN_INT_CONVERSION = YES;
				CLANG_WARN_NON_LITERAL_NULL_CONVERSION = YES;
				CLANG_WARN_OBJC_IMPLICIT_RETAIN_SELF = YES;
				CLANG_WARN_OBJC_LITERAL_CONVERSION = YES;
				CLANG_WARN_OBJC_ROOT_CLASS = YES_ERROR;
				CLANG_WARN_QUOTED_INCLUDE_IN_FRAMEWORK_HEADER = YES;
				CLANG_WARN_RANGE_LOOP_ANALYSIS = YES;
				CLANG_WARN_STRICT_PROTOTYPES = YES;
				CLANG_WARN_SUSPICIOUS_MOVE = YES;
				CLANG_WARN_UNGUARDED_AVAILABILITY = YES_AGGRESSIVE;
				CLANG_WARN_UNREACHABLE_CODE = YES;
				CLANG_WARN__DUPLICATE_METHOD_MATCH = YES;
				COPY_PHASE_STRIP = NO;
				DEBUG_INFORMATION_FORMAT = dwarf;
				ENABLE_STRICT_OBJC_MSGSEND = YES;
				ENABLE_TESTABILITY = YES;
				GCC_C_LANGUAGE_STANDARD = gnu11;
				GCC_DYNAMIC_NO_PIC = NO;
				GCC_NO_COMMON_BLOCKS = YES;
				GCC_OPTIMIZATION_LEVEL = 0;
				GCC_PREPROCESSOR_DEFINITIONS = (
					"DEBUG=1",
					"$(inherited)",
				);
				GCC_WARN_64_TO_32_BIT_CONVERSION = YES;
				GCC_WARN_ABOUT_RETURN_TYPE = YES_ERROR;
				GCC_WARN_UNDECLARED_SELECTOR = YES;
				GCC_WARN_UNINITIALIZED_AUTOS = YES_AGGRESSIVE;
				GCC_WARN_UNUSED_FUNCTION = YES;
				GCC_WARN_UNUSED_VARIABLE = YES;
				IPHONEOS_DEPLOYMENT_TARGET = 16.2;
				MTL_ENABLE_DEBUG_INFO = INCLUDE_SOURCE;
				MTL_FAST_MATH = YES;
				ONLY_ACTIVE_ARCH = YES;
				SDKROOT = iphoneos;
				SWIFT_ACTIVE_COMPILATION_CONDITIONS = DEBUG;
				SWIFT_OPTIMIZATION_LEVEL = "-Onone";
			};
			name = Debug;
		};
		C699BB8C29BF8F1700F70A57 /* Release */ = {
			isa = XCBuildConfiguration;
			buildSettings = {
				ALWAYS_SEARCH_USER_PATHS = NO;
				CLANG_ANALYZER_LOCALIZABILITY_NONLOCALIZED = YES;
				CLANG_ANALYZER_NONNULL = YES;
				CLANG_ANALYZER_NUMBER_OBJECT_CONVERSION = YES_AGGRESSIVE;
				CLANG_CXX_LANGUAGE_STANDARD = "gnu++20";
				CLANG_ENABLE_MODULES = YES;
				CLANG_ENABLE_OBJC_ARC = YES;
				CLANG_ENABLE_OBJC_WEAK = YES;
				CLANG_WARN_BLOCK_CAPTURE_AUTORELEASING = YES;
				CLANG_WARN_BOOL_CONVERSION = YES;
				CLANG_WARN_COMMA = YES;
				CLANG_WARN_CONSTANT_CONVERSION = YES;
				CLANG_WARN_DEPRECATED_OBJC_IMPLEMENTATIONS = YES;
				CLANG_WARN_DIRECT_OBJC_ISA_USAGE = YES_ERROR;
				CLANG_WARN_DOCUMENTATION_COMMENTS = YES;
				CLANG_WARN_EMPTY_BODY = YES;
				CLANG_WARN_ENUM_CONVERSION = YES;
				CLANG_WARN_INFINITE_RECURSION = YES;
				CLANG_WARN_INT_CONVERSION = YES;
				CLANG_WARN_NON_LITERAL_NULL_CONVERSION = YES;
				CLANG_WARN_OBJC_IMPLICIT_RETAIN_SELF = YES;
				CLANG_WARN_OBJC_LITERAL_CONVERSION = YES;
				CLANG_WARN_OBJC_ROOT_CLASS = YES_ERROR;
				CLANG_WARN_QUOTED_INCLUDE_IN_FRAMEWORK_HEADER = YES;
				CLANG_WARN_RANGE_LOOP_ANALYSIS = YES;
				CLANG_WARN_STRICT_PROTOTYPES = YES;
				CLANG_WARN_SUSPICIOUS_MOVE = YES;
				CLANG_WARN_UNGUARDED_AVAILABILITY = YES_AGGRESSIVE;
				CLANG_WARN_UNREACHABLE_CODE = YES;
				CLANG_WARN__DUPLICATE_METHOD_MATCH = YES;
				COPY_PHASE_STRIP = NO;
				DEBUG_INFORMATION_FORMAT = "dwarf-with-dsym";
				ENABLE_NS_ASSERTIONS = NO;
				ENABLE_STRICT_OBJC_MSGSEND = YES;
				GCC_C_LANGUAGE_STANDARD = gnu11;
				GCC_NO_COMMON_BLOCKS = YES;
				GCC_WARN_64_TO_32_BIT_CONVERSION = YES;
				GCC_WARN_ABOUT_RETURN_TYPE = YES_ERROR;
				GCC_WARN_UNDECLARED_SELECTOR = YES;
				GCC_WARN_UNINITIALIZED_AUTOS = YES_AGGRESSIVE;
				GCC_WARN_UNUSED_FUNCTION = YES;
				GCC_WARN_UNUSED_VARIABLE = YES;
				IPHONEOS_DEPLOYMENT_TARGET = 16.2;
				MTL_ENABLE_DEBUG_INFO = NO;
				MTL_FAST_MATH = YES;
				SDKROOT = iphoneos;
				SWIFT_COMPILATION_MODE = wholemodule;
				SWIFT_OPTIMIZATION_LEVEL = "-O";
				VALIDATE_PRODUCT = YES;
			};
			name = Release;
		};
		C699BB8E29BF8F1700F70A57 /* Debug */ = {
			isa = XCBuildConfiguration;
			buildSettings = {
				ASSETCATALOG_COMPILER_APPICON_NAME = AppIcon;
				ASSETCATALOG_COMPILER_GLOBAL_ACCENT_COLOR_NAME = AccentColor;
				CODE_SIGN_STYLE = Automatic;
				CURRENT_PROJECT_VERSION = 1;
				DEVELOPMENT_TEAM = 69M929ZQ47;
				GENERATE_INFOPLIST_FILE = YES;
				INFOPLIST_FILE = "To-Do Manager/Info.plist";
				INFOPLIST_KEY_UIApplicationSupportsIndirectInputEvents = YES;
				INFOPLIST_KEY_UILaunchStoryboardName = LaunchScreen;
				INFOPLIST_KEY_UIMainStoryboardFile = Main;
				INFOPLIST_KEY_UISupportedInterfaceOrientations_iPad = "UIInterfaceOrientationPortrait UIInterfaceOrientationPortraitUpsideDown UIInterfaceOrientationLandscapeLeft UIInterfaceOrientationLandscapeRight";
				INFOPLIST_KEY_UISupportedInterfaceOrientations_iPhone = "UIInterfaceOrientationPortrait UIInterfaceOrientationLandscapeLeft UIInterfaceOrientationLandscapeRight";
				LD_RUNPATH_SEARCH_PATHS = (
					"$(inherited)",
					"@executable_path/Frameworks",
				);
				MARKETING_VERSION = 1.0;
				PRODUCT_BUNDLE_IDENTIFIER = "com.uk-servers.To-Do-Manager";
				PRODUCT_NAME = "$(TARGET_NAME)";
				SWIFT_EMIT_LOC_STRINGS = YES;
				SWIFT_VERSION = 5.0;
				TARGETED_DEVICE_FAMILY = "1,2";
			};
			name = Debug;
		};
		C699BB8F29BF8F1700F70A57 /* Release */ = {
			isa = XCBuildConfiguration;
			buildSettings = {
				ASSETCATALOG_COMPILER_APPICON_NAME = AppIcon;
				ASSETCATALOG_COMPILER_GLOBAL_ACCENT_COLOR_NAME = AccentColor;
				CODE_SIGN_STYLE = Automatic;
				CURRENT_PROJECT_VERSION = 1;
				DEVELOPMENT_TEAM = 69M929ZQ47;
				GENERATE_INFOPLIST_FILE = YES;
				INFOPLIST_FILE = "To-Do Manager/Info.plist";
				INFOPLIST_KEY_UIApplicationSupportsIndirectInputEvents = YES;
				INFOPLIST_KEY_UILaunchStoryboardName = LaunchScreen;
				INFOPLIST_KEY_UIMainStoryboardFile = Main;
				INFOPLIST_KEY_UISupportedInterfaceOrientations_iPad = "UIInterfaceOrientationPortrait UIInterfaceOrientationPortraitUpsideDown UIInterfaceOrientationLandscapeLeft UIInterfaceOrientationLandscapeRight";
				INFOPLIST_KEY_UISupportedInterfaceOrientations_iPhone = "UIInterfaceOrientationPortrait UIInterfaceOrientationLandscapeLeft UIInterfaceOrientationLandscapeRight";
				LD_RUNPATH_SEARCH_PATHS = (
					"$(inherited)",
					"@executable_path/Frameworks",
				);
				MARKETING_VERSION = 1.0;
				PRODUCT_BUNDLE_IDENTIFIER = "com.uk-servers.To-Do-Manager";
				PRODUCT_NAME = "$(TARGET_NAME)";
				SWIFT_EMIT_LOC_STRINGS = YES;
				SWIFT_VERSION = 5.0;
				TARGETED_DEVICE_FAMILY = "1,2";
			};
			name = Release;
		};
/* End XCBuildConfiguration section */

/* Begin XCConfigurationList section */
		C699BB7429BF8F1500F70A57 /* Build configuration list for PBXProject "To-Do Manager" */ = {
			isa = XCConfigurationList;
			buildConfigurations = (
				C699BB8B29BF8F1700F70A57 /* Debug */,
				C699BB8C29BF8F1700F70A57 /* Release */,
			);
			defaultConfigurationIsVisible = 0;
			defaultConfigurationName = Release;
		};
		C699BB8D29BF8F1700F70A57 /* Build configuration list for PBXNativeTarget "To-Do Manager" */ = {
			isa = XCConfigurationList;
			buildConfigurations = (
				C699BB8E29BF8F1700F70A57 /* Debug */,
				C699BB8F29BF8F1700F70A57 /* Release */,
			);
			defaultConfigurationIsVisible = 0;
			defaultConfigurationName = Release;
		};
/* End XCConfigurationList section */
	};
	rootObject = C699BB7129BF8F1500F70A57 /* Project object */;
}
